// !$*UTF8*$!
{
	archiveVersion = 1;
	classes = {
	};
	objectVersion = 46;
	objects = {

/* Begin PBXBuildFile section */
		B15D6F871DD2BB4800C73235 /* AppDelegate.swift in Sources */ = {isa = PBXBuildFile; fileRef = B15D6F861DD2BB4800C73235 /* AppDelegate.swift */; };
		B15D6F891DD2BB4800C73235 /* ViewController.swift in Sources */ = {isa = PBXBuildFile; fileRef = B15D6F881DD2BB4800C73235 /* ViewController.swift */; };
		B15D6F8C1DD2BB4800C73235 /* Main.storyboard in Resources */ = {isa = PBXBuildFile; fileRef = B15D6F8A1DD2BB4800C73235 /* Main.storyboard */; };
		B15D6F8E1DD2BB4800C73235 /* Assets.xcassets in Resources */ = {isa = PBXBuildFile; fileRef = B15D6F8D1DD2BB4800C73235 /* Assets.xcassets */; };
		B15D6F911DD2BB4800C73235 /* LaunchScreen.storyboard in Resources */ = {isa = PBXBuildFile; fileRef = B15D6F8F1DD2BB4800C73235 /* LaunchScreen.storyboard */; };
		B15D6F991DD2BC6D00C73235 /* ShapeView.swift in Sources */ = {isa = PBXBuildFile; fileRef = B15D6F981DD2BC6D00C73235 /* ShapeView.swift */; };
		B15D6F9B1DD2BC7900C73235 /* poolmath.swift in Sources */ = {isa = PBXBuildFile; fileRef = B15D6F9A1DD2BC7900C73235 /* poolmath.swift */; };
/* End PBXBuildFile section */

/* Begin PBXFileReference section */
		B15D6F831DD2BB4800C73235 /* BookaaPool.app */ = {isa = PBXFileReference; explicitFileType = wrapper.application; includeInIndex = 0; path = BookaaPool.app; sourceTree = BUILT_PRODUCTS_DIR; };
		B15D6F861DD2BB4800C73235 /* AppDelegate.swift */ = {isa = PBXFileReference; lastKnownFileType = sourcecode.swift; path = AppDelegate.swift; sourceTree = "<group>"; };
		B15D6F881DD2BB4800C73235 /* ViewController.swift */ = {isa = PBXFileReference; lastKnownFileType = sourcecode.swift; path = ViewController.swift; sourceTree = "<group>"; };
		B15D6F8B1DD2BB4800C73235 /* Base */ = {isa = PBXFileReference; lastKnownFileType = file.storyboard; name = Base; path = Base.lproj/Main.storyboard; sourceTree = "<group>"; };
		B15D6F8D1DD2BB4800C73235 /* Assets.xcassets */ = {isa = PBXFileReference; lastKnownFileType = folder.assetcatalog; path = Assets.xcassets; sourceTree = "<group>"; };
		B15D6F901DD2BB4800C73235 /* Base */ = {isa = PBXFileReference; lastKnownFileType = file.storyboard; name = Base; path = Base.lproj/LaunchScreen.storyboard; sourceTree = "<group>"; };
		B15D6F921DD2BB4800C73235 /* Info.plist */ = {isa = PBXFileReference; lastKnownFileType = text.plist.xml; path = Info.plist; sourceTree = "<group>"; };
		B15D6F981DD2BC6D00C73235 /* ShapeView.swift */ = {isa = PBXFileReference; fileEncoding = 4; lastKnownFileType = sourcecode.swift; path = ShapeView.swift; sourceTree = "<group>"; };
		B15D6F9A1DD2BC7900C73235 /* poolmath.swift */ = {isa = PBXFileReference; fileEncoding = 4; lastKnownFileType = sourcecode.swift; path = poolmath.swift; sourceTree = "<group>"; };
/* End PBXFileReference section */

/* Begin PBXFrameworksBuildPhase section */
		B15D6F801DD2BB4800C73235 /* Frameworks */ = {
			isa = PBXFrameworksBuildPhase;
			buildActionMask = 2147483647;
			files = (
			);
			runOnlyForDeploymentPostprocessing = 0;
		};
/* End PBXFrameworksBuildPhase section */

/* Begin PBXGroup section */
		B15D6F7A1DD2BB4800C73235 = {
			isa = PBXGroup;
			children = (
				B15D6F851DD2BB4800C73235 /* BookaaPool */,
				B15D6F841DD2BB4800C73235 /* Products */,
			);
			sourceTree = "<group>";
		};
		B15D6F841DD2BB4800C73235 /* Products */ = {
			isa = PBXGroup;
			children = (
				B15D6F831DD2BB4800C73235 /* BookaaPool.app */,
			);
			name = Products;
			sourceTree = "<group>";
		};
		B15D6F851DD2BB4800C73235 /* BookaaPool */ = {
			isa = PBXGroup;
			children = (
				B15D6F861DD2BB4800C73235 /* AppDelegate.swift */,
				B15D6F981DD2BC6D00C73235 /* ShapeView.swift */,
				B15D6F881DD2BB4800C73235 /* ViewController.swift */,
				B15D6F8A1DD2BB4800C73235 /* Main.storyboard */,
				B15D6F9A1DD2BC7900C73235 /* poolmath.swift */,
				B15D6F8D1DD2BB4800C73235 /* Assets.xcassets */,
				B15D6F8F1DD2BB4800C73235 /* LaunchScreen.storyboard */,
				B15D6F921DD2BB4800C73235 /* Info.plist */,
			);
			path = BookaaPool;
			sourceTree = "<group>";
		};
/* End PBXGroup section */

/* Begin PBXNativeTarget section */
		B15D6F821DD2BB4800C73235 /* BookaaPool */ = {
			isa = PBXNativeTarget;
			buildConfigurationList = B15D6F951DD2BB4800C73235 /* Build configuration list for PBXNativeTarget "BookaaPool" */;
			buildPhases = (
				B15D6F7F1DD2BB4800C73235 /* Sources */,
				B15D6F801DD2BB4800C73235 /* Frameworks */,
				B15D6F811DD2BB4800C73235 /* Resources */,
			);
			buildRules = (
			);
			dependencies = (
			);
			name = BookaaPool;
			productName = BookaaPool;
			productReference = B15D6F831DD2BB4800C73235 /* BookaaPool.app */;
			productType = "com.apple.product-type.application";
		};
/* End PBXNativeTarget section */

/* Begin PBXProject section */
		B15D6F7B1DD2BB4800C73235 /* Project object */ = {
			isa = PBXProject;
			attributes = {
				LastSwiftUpdateCheck = 0810;
				LastUpgradeCheck = 0810;
				ORGANIZATIONNAME = xiaoka;
				TargetAttributes = {
					B15D6F821DD2BB4800C73235 = {
						CreatedOnToolsVersion = 8.1;
						DevelopmentTeam = GVTV24H69U;
						ProvisioningStyle = Automatic;
					};
				};
			};
			buildConfigurationList = B15D6F7E1DD2BB4800C73235 /* Build configuration list for PBXProject "BookaaPool" */;
			compatibilityVersion = "Xcode 3.2";
			developmentRegion = English;
			hasScannedForEncodings = 0;
			knownRegions = (
				en,
				Base,
			);
			mainGroup = B15D6F7A1DD2BB4800C73235;
			productRefGroup = B15D6F841DD2BB4800C73235 /* Products */;
			projectDirPath = "";
			projectRoot = "";
			targets = (
				B15D6F821DD2BB4800C73235 /* BookaaPool */,
			);
		};
/* End PBXProject section */

/* Begin PBXResourcesBuildPhase section */
		B15D6F811DD2BB4800C73235 /* Resources */ = {
			isa = PBXResourcesBuildPhase;
			buildActionMask = 2147483647;
			files = (
				B15D6F911DD2BB4800C73235 /* LaunchScreen.storyboard in Resources */,
				B15D6F8E1DD2BB4800C73235 /* Assets.xcassets in Resources */,
				B15D6F8C1DD2BB4800C73235 /* Main.storyboard in Resources */,
			);
			runOnlyForDeploymentPostprocessing = 0;
		};
/* End PBXResourcesBuildPhase section */

/* Begin PBXSourcesBuildPhase section */
		B15D6F7F1DD2BB4800C73235 /* Sources */ = {
			isa = PBXSourcesBuildPhase;
			buildActionMask = 2147483647;
			files = (
				B15D6F991DD2BC6D00C73235 /* ShapeView.swift in Sources */,
				B15D6F9B1DD2BC7900C73235 /* poolmath.swift in Sources */,
				B15D6F891DD2BB4800C73235 /* ViewController.swift in Sources */,
				B15D6F871DD2BB4800C73235 /* AppDelegate.swift in Sources */,
			);
			runOnlyForDeploymentPostprocessing = 0;
		};
/* End PBXSourcesBuildPhase section */

/* Begin PBXVariantGroup section */
		B15D6F8A1DD2BB4800C73235 /* Main.storyboard */ = {
			isa = PBXVariantGroup;
			children = (
				B15D6F8B1DD2BB4800C73235 /* Base */,
			);
			name = Main.storyboard;
			sourceTree = "<group>";
		};
		B15D6F8F1DD2BB4800C73235 /* LaunchScreen.storyboard */ = {
			isa = PBXVariantGroup;
			children = (
				B15D6F901DD2BB4800C73235 /* Base */,
			);
			name = LaunchScreen.storyboard;
			sourceTree = "<group>";
		};
/* End PBXVariantGroup section */

/* Begin XCBuildConfiguration section */
		B15D6F931DD2BB4800C73235 /* Debug */ = {
			isa = XCBuildConfiguration;
			buildSettings = {
				ALWAYS_SEARCH_USER_PATHS = NO;
				CLANG_ANALYZER_NONNULL = YES;
				CLANG_CXX_LANGUAGE_STANDARD = "gnu++0x";
				CLANG_CXX_LIBRARY = "libc++";
				CLANG_ENABLE_MODULES = YES;
				CLANG_ENABLE_OBJC_ARC = YES;
				CLANG_WARN_BOOL_CONVERSION = YES;
				CLANG_WARN_CONSTANT_CONVERSION = YES;
				CLANG_WARN_DIRECT_OBJC_ISA_USAGE = YES_ERROR;
				CLANG_WARN_DOCUMENTATION_COMMENTS = YES;
				CLANG_WARN_EMPTY_BODY = YES;
				CLANG_WARN_ENUM_CONVERSION = YES;
				CLANG_WARN_INFINITE_RECURSION = YES;
				CLANG_WARN_INT_CONVERSION = YES;
				CLANG_WARN_OBJC_ROOT_CLASS = YES_ERROR;
				CLANG_WARN_SUSPICIOUS_MOVES = YES;
				CLANG_WARN_UNREACHABLE_CODE = YES;
				CLANG_WARN__DUPLICATE_METHOD_MATCH = YES;
				"CODE_SIGN_IDENTITY[sdk=iphoneos*]" = "iPhone Developer";
				COPY_PHASE_STRIP = NO;
				DEBUG_INFORMATION_FORMAT = dwarf;
				ENABLE_STRICT_OBJC_MSGSEND = YES;
				ENABLE_TESTABILITY = YES;
				GCC_C_LANGUAGE_STANDARD = gnu99;
				GCC_DYNAMIC_NO_PIC = NO;
				GCC_NO_COMMON_BLOCKS = YES;
				GCC_OPTIMIZATION_LEVEL = 0;
				GCC_PREPROCESSOR_DEFINITIONS = (
					"DEBUG=1",
					"$(inherited)",
				);
				GCC_WARN_64_TO_32_BIT_CONVERSION = YES;
				GCC_WARN_ABOUT_RETURN_TYPE = YES_ERROR;
				GCC_WARN_UNDECLARED_SELECTOR = YES;
				GCC_WARN_UNINITIALIZED_AUTOS = YES_AGGRESSIVE;
				GCC_WARN_UNUSED_FUNCTION = YES;
				GCC_WARN_UNUSED_VARIABLE = YES;
				IPHONEOS_DEPLOYMENT_TARGET = 10.1;
				MTL_ENABLE_DEBUG_INFO = YES;
				ONLY_ACTIVE_ARCH = YES;
				SDKROOT = iphoneos;
				SWIFT_ACTIVE_COMPILATION_CONDITIONS = DEBUG;
				SWIFT_OPTIMIZATION_LEVEL = "-Onone";
				TARGETED_DEVICE_FAMILY = "1,2";
			};
			name = Debug;
		};
		B15D6F941DD2BB4800C73235 /* Release */ = {
			isa = XCBuildConfiguration;
			buildSettings = {
				ALWAYS_SEARCH_USER_PATHS = NO;
				CLANG_ANALYZER_NONNULL = YES;
				CLANG_CXX_LANGUAGE_STANDARD = "gnu++0x";
				CLANG_CXX_LIBRARY = "libc++";
				CLANG_ENABLE_MODULES = YES;
				CLANG_ENABLE_OBJC_ARC = YES;
				CLANG_WARN_BOOL_CONVERSION = YES;
				CLANG_WARN_CONSTANT_CONVERSION = YES;
				CLANG_WARN_DIRECT_OBJC_ISA_USAGE = YES_ERROR;
				CLANG_WARN_DOCUMENTATION_COMMENTS = YES;
				CLANG_WARN_EMPTY_BODY = YES;
				CLANG_WARN_ENUM_CONVERSION = YES;
				CLANG_WARN_INFINITE_RECURSION = YES;
				CLANG_WARN_INT_CONVERSION = YES;
				CLANG_WARN_OBJC_ROOT_CLASS = YES_ERROR;
				CLANG_WARN_SUSPICIOUS_MOVES = YES;
				CLANG_WARN_UNREACHABLE_CODE = YES;
				CLANG_WARN__DUPLICATE_METHOD_MATCH = YES;
				"CODE_SIGN_IDENTITY[sdk=iphoneos*]" = "iPhone Developer";
				COPY_PHASE_STRIP = NO;
				DEBUG_INFORMATION_FORMAT = "dwarf-with-dsym";
				ENABLE_NS_ASSERTIONS = NO;
				ENABLE_STRICT_OBJC_MSGSEND = YES;
				GCC_C_LANGUAGE_STANDARD = gnu99;
				GCC_NO_COMMON_BLOCKS = YES;
				GCC_WARN_64_TO_32_BIT_CONVERSION = YES;
				GCC_WARN_ABOUT_RETURN_TYPE = YES_ERROR;
				GCC_WARN_UNDECLARED_SELECTOR = YES;
				GCC_WARN_UNINITIALIZED_AUTOS = YES_AGGRESSIVE;
				GCC_WARN_UNUSED_FUNCTION = YES;
				GCC_WARN_UNUSED_VARIABLE = YES;
				IPHONEOS_DEPLOYMENT_TARGET = 10.1;
				MTL_ENABLE_DEBUG_INFO = NO;
				SDKROOT = iphoneos;
				SWIFT_OPTIMIZATION_LEVEL = "-Owholemodule";
				TARGETED_DEVICE_FAMILY = "1,2";
				VALIDATE_PRODUCT = YES;
			};
			name = Release;
		};
		B15D6F961DD2BB4800C73235 /* Debug */ = {
			isa = XCBuildConfiguration;
			buildSettings = {
				ASSETCATALOG_COMPILER_APPICON_NAME = AppIcon;
				DEVELOPMENT_TEAM = GVTV24H69U;
				INFOPLIST_FILE = BookaaPool/Info.plist;
				IPHONEOS_DEPLOYMENT_TARGET = 9.3;
				LD_RUNPATH_SEARCH_PATHS = "$(inherited) @executable_path/Frameworks";
				PRODUCT_BUNDLE_IDENTIFIER = bookaa.org.BookaaPool;
				PRODUCT_NAME = "$(TARGET_NAME)";
				SWIFT_VERSION = 3.0;
			};
			name = Debug;
		};
		B15D6F971DD2BB4800C73235 /* Release */ = {
			isa = XCBuildConfiguration;
			buildSettings = {
				ASSETCATALOG_COMPILER_APPICON_NAME = AppIcon;
				DEVELOPMENT_TEAM = GVTV24H69U;
				INFOPLIST_FILE = BookaaPool/Info.plist;
				IPHONEOS_DEPLOYMENT_TARGET = 9.3;
				LD_RUNPATH_SEARCH_PATHS = "$(inherited) @executable_path/Frameworks";
				PRODUCT_BUNDLE_IDENTIFIER = bookaa.org.BookaaPool;
				PRODUCT_NAME = "$(TARGET_NAME)";
				SWIFT_VERSION = 3.0;
			};
			name = Release;
		};
/* End XCBuildConfiguration section */

/* Begin XCConfigurationList section */
		B15D6F7E1DD2BB4800C73235 /* Build configuration list for PBXProject "BookaaPool" */ = {
			isa = XCConfigurationList;
			buildConfigurations = (
				B15D6F931DD2BB4800C73235 /* Debug */,
				B15D6F941DD2BB4800C73235 /* Release */,
			);
			defaultConfigurationIsVisible = 0;
			defaultConfigurationName = Release;
		};
		B15D6F951DD2BB4800C73235 /* Build configuration list for PBXNativeTarget "BookaaPool" */ = {
			isa = XCConfigurationList;
			buildConfigurations = (
				B15D6F961DD2BB4800C73235 /* Debug */,
				B15D6F971DD2BB4800C73235 /* Release */,
			);
			defaultConfigurationIsVisible = 0;
		};
/* End XCConfigurationList section */
	};
	rootObject = B15D6F7B1DD2BB4800C73235 /* Project object */;
}
